lockfileVersion: 5.4

specifiers:
  '@dashkite/dracarys': link:../dracarys
  '@dashkite/genie': link:../genie
  '@dashkite/genie-coffee': link:../genie-coffee

dependencies:
  '@dashkite/dracarys': link:../dracarys

devDependencies:
  '@dashkite/genie': link:../genie
  '@dashkite/genie-coffee': link:../genie-coffee
