lockfileVersion: '6.0'

settings:
  autoInstallPeers: true
  excludeLinksFromLockfile: false

dependencies:
  '@dashkite/dracarys':
    specifier: link:../dracarys
    version: link:../dracarys
  '@dashkite/drn-sky':
    specifier: link:../drn-sky
    version: link:../drn-sky

devDependencies:
  '@dashkite/genie':
    specifier: link:../genie
    version: link:../genie
  '@dashkite/genie-clean':
    specifier: link:../genie-clean
    version: link:../genie-clean
  '@dashkite/genie-coffee':
    specifier: link:../genie-coffee
    version: link:../genie-coffee
